
Microsoft Visual Studio Solution File, Format Version 12.00
# Visual Studio Version 17
VisualStudioVersion = 17.6.33712.159
MinimumVisualStudioVersion = 10.0.40219.1
Project("{FAE04EC0-301F-11D3-BF4B-00C04F79EFBC}") = "Task_EntityLayer", "Task_EntityLayer\Task_EntityLayer.csproj", "{CA2DD650-0470-4E5A-8EC6-4F71C8AE3724}"
EndProject
Project("{FAE04EC0-301F-11D3-BF4B-00C04F79EFBC}") = "Task_DataAccessLayer", "Task_DataAccessLayer\Task_DataAccessLayer.csproj", "{E3EB8528-3B9E-43E3-8953-EED7160FACCD}"
EndProject
Project("{FAE04EC0-301F-11D3-BF4B-00C04F79EFBC}") = "Task_Main", "Task_Main\Task_Main.csproj", "{7FA44BE4-86F7-44BE-800D-89A369BA980C}"
EndProject
Global
	GlobalSection(SolutionConfigurationPlatforms) = preSolution
		Debug|Any CPU = Debug|Any CPU
		Release|Any CPU = Release|Any CPU
	EndGlobalSection
	GlobalSection(ProjectConfigurationPlatforms) = postSolution
		{CA2DD650-0470-4E5A-8EC6-4F71C8AE3724}.Debug|Any CPU.ActiveCfg = Debug|Any CPU
		{CA2DD650-0470-4E5A-8EC6-4F71C8AE3724}.Debug|Any CPU.Build.0 = Debug|Any CPU
		{CA2DD650-0470-4E5A-8EC6-4F71C8AE3724}.Release|Any CPU.ActiveCfg = Release|Any CPU
		{CA2DD650-0470-4E5A-8EC6-4F71C8AE3724}.Release|Any CPU.Build.0 = Release|Any CPU
		{E3EB8528-3B9E-43E3-8953-EED7160FACCD}.Debug|Any CPU.ActiveCfg = Debug|Any CPU
		{E3EB8528-3B9E-43E3-8953-EED7160FACCD}.Debug|Any CPU.Build.0 = Debug|Any CPU
		{E3EB8528-3B9E-43E3-8953-EED7160FACCD}.Release|Any CPU.ActiveCfg = Release|Any CPU
		{E3EB8528-3B9E-43E3-8953-EED7160FACCD}.Release|Any CPU.Build.0 = Release|Any CPU
		{7FA44BE4-86F7-44BE-800D-89A369BA980C}.Debug|Any CPU.ActiveCfg = Debug|Any CPU
		{7FA44BE4-86F7-44BE-800D-89A369BA980C}.Debug|Any CPU.Build.0 = Debug|Any CPU
		{7FA44BE4-86F7-44BE-800D-89A369BA980C}.Release|Any CPU.ActiveCfg = Release|Any CPU
		{7FA44BE4-86F7-44BE-800D-89A369BA980C}.Release|Any CPU.Build.0 = Release|Any CPU
	EndGlobalSection
	GlobalSection(SolutionProperties) = preSolution
		HideSolutionNode = FALSE
	EndGlobalSection
	GlobalSection(ExtensibilityGlobals) = postSolution
		SolutionGuid = {E8756D1D-73E8-47DC-996D-3F688D40431C}
	EndGlobalSection
EndGlobal
